
Microsoft Visual Studio Solution File, Format Version 12.00
# Visual Studio Version 16
VisualStudioVersion = 16.0.810.16
MinimumVisualStudioVersion = 10.0.40219.1
Project("{FAE04EC0-301F-11D3-BF4B-00C04F79EFBC}") = "test", "test\test.csproj", "{82037AC1-AF8C-4436-91A2-2DF8DC9897A7}"
EndProject
Global
	GlobalSection(SolutionConfigurationPlatforms) = preSolution
		Debug|Any CPU = Debug|Any CPU
		Release|Any CPU = Release|Any CPU
	EndGlobalSection
	GlobalSection(ProjectConfigurationPlatforms) = postSolution
		{82037AC1-AF8C-4436-91A2-2DF8DC9897A7}.Debug|Any CPU.ActiveCfg = Debug|Any CPU
		{82037AC1-AF8C-4436-91A2-2DF8DC9897A7}.Debug|Any CPU.Build.0 = Debug|Any CPU
		{82037AC1-AF8C-4436-91A2-2DF8DC9897A7}.Release|Any CPU.ActiveCfg = Release|Any CPU
		{82037AC1-AF8C-4436-91A2-2DF8DC9897A7}.Release|Any CPU.Build.0 = Release|Any CPU
	EndGlobalSection
	GlobalSection(SolutionProperties) = preSolution
		HideSolutionNode = FALSE
	EndGlobalSection
	GlobalSection(ExtensibilityGlobals) = postSolution
		SolutionGuid = {0AC5AD49-1696-4AD0-B580-2263B1CE7A70}
	EndGlobalSection
EndGlobal
